
Microsoft Visual Studio Solution File, Format Version 12.00
Project("{FAE04EC0-301F-11D3-BF4B-00C04F79EFBC}") = "EntityFramework.Extensions.AddQueryFilter", "EntityFramework.Extensions.AddQueryFilter.csproj", "{B49CB0AA-BD8F-4E18-82BC-8388DB360E31}"
EndProject
Project("{2150E333-8FDC-42A3-9474-1A3956D46DE8}") = "SolutionItems", "SolutionItems", "{FE59801D-D9B5-4D4C-844A-4A4080B79E7F}"
	ProjectSection(SolutionItems) = preProject
		..\.github\workflows\ci.yml = ..\.github\workflows\ci.yml
		..\.github\workflows\release.yml = ..\.github\workflows\release.yml
	EndProjectSection
EndProject
Global
	GlobalSection(SolutionConfigurationPlatforms) = preSolution
		Debug|Any CPU = Debug|Any CPU
		Release|Any CPU = Release|Any CPU
	EndGlobalSection
	GlobalSection(ProjectConfigurationPlatforms) = postSolution
		{B49CB0AA-BD8F-4E18-82BC-8388DB360E31}.Debug|Any CPU.ActiveCfg = Debug|Any CPU
		{B49CB0AA-BD8F-4E18-82BC-8388DB360E31}.Debug|Any CPU.Build.0 = Debug|Any CPU
		{B49CB0AA-BD8F-4E18-82BC-8388DB360E31}.Release|Any CPU.ActiveCfg = Release|Any CPU
		{B49CB0AA-BD8F-4E18-82BC-8388DB360E31}.Release|Any CPU.Build.0 = Release|Any CPU
	EndGlobalSection
EndGlobal
